
Microsoft Visual Studio Solution File, Format Version 11.00
# Visual Studio 2010
Project("{FAE04EC0-301F-11D3-BF4B-00C04F79EFBC}") = "MarioObjects", "MarioObjects\MarioObjects.csproj", "{5494C1DD-9401-4472-93C0-CA9D620BE728}"
EndProject
Project("{FAE04EC0-301F-11D3-BF4B-00C04F79EFBC}") = "MarioRectangle", "MarioRectangle\MarioRectangle.csproj", "{4B7DF11C-7932-4A33-ADD2-B03A34428B72}"
EndProject
Project("{FAE04EC0-301F-11D3-BF4B-00C04F79EFBC}") = "MarioLevelEditor", "MarioLevelEditor\MarioLevelEditor.csproj", "{C846A2F7-1728-41E0-971C-1B724C2015DC}"
EndProject
Project("{FAE04EC0-301F-11D3-BF4B-00C04F79EFBC}") = "MarioTests", "MarioTests\MarioTests.csproj", "{80414574-84D1-4644-9EF4-998CD2294E4E}"
EndProject
Global
	GlobalSection(SolutionConfigurationPlatforms) = preSolution
		Debug|Any CPU = Debug|Any CPU
		Release|Any CPU = Release|Any CPU
	EndGlobalSection
	GlobalSection(ProjectConfigurationPlatforms) = postSolution
		{5494C1DD-9401-4472-93C0-CA9D620BE728}.Debug|Any CPU.ActiveCfg = Debug|Any CPU
		{5494C1DD-9401-4472-93C0-CA9D620BE728}.Debug|Any CPU.Build.0 = Debug|Any CPU
		{5494C1DD-9401-4472-93C0-CA9D620BE728}.Release|Any CPU.ActiveCfg = Release|Any CPU
		{5494C1DD-9401-4472-93C0-CA9D620BE728}.Release|Any CPU.Build.0 = Release|Any CPU
		{4B7DF11C-7932-4A33-ADD2-B03A34428B72}.Debug|Any CPU.ActiveCfg = Debug|Any CPU
		{4B7DF11C-7932-4A33-ADD2-B03A34428B72}.Debug|Any CPU.Build.0 = Debug|Any CPU
		{4B7DF11C-7932-4A33-ADD2-B03A34428B72}.Release|Any CPU.ActiveCfg = Release|Any CPU
		{4B7DF11C-7932-4A33-ADD2-B03A34428B72}.Release|Any CPU.Build.0 = Release|Any CPU
		{C846A2F7-1728-41E0-971C-1B724C2015DC}.Debug|Any CPU.ActiveCfg = Debug|Any CPU
		{C846A2F7-1728-41E0-971C-1B724C2015DC}.Debug|Any CPU.Build.0 = Debug|Any CPU
		{C846A2F7-1728-41E0-971C-1B724C2015DC}.Release|Any CPU.ActiveCfg = Release|Any CPU
		{C846A2F7-1728-41E0-971C-1B724C2015DC}.Release|Any CPU.Build.0 = Release|Any CPU
		{80414574-84D1-4644-9EF4-998CD2294E4E}.Debug|Any CPU.ActiveCfg = Debug|Any CPU
		{80414574-84D1-4644-9EF4-998CD2294E4E}.Debug|Any CPU.Build.0 = Debug|Any CPU
		{80414574-84D1-4644-9EF4-998CD2294E4E}.Release|Any CPU.ActiveCfg = Release|Any CPU
		{80414574-84D1-4644-9EF4-998CD2294E4E}.Release|Any CPU.Build.0 = Release|Any CPU
	EndGlobalSection
	GlobalSection(SolutionProperties) = preSolution
		HideSolutionNode = FALSE
	EndGlobalSection
EndGlobal
